
Microsoft Visual Studio Solution File, Format Version 12.00
# Visual Studio Version 16
VisualStudioVersion = 16.0.32630.194
MinimumVisualStudioVersion = 10.0.40219.1
Project("{FAE04EC0-301F-11D3-BF4B-00C04F79EFBC}") = "TestWPF", "TestWPF\TestWPF.csproj", "{071F0F22-B55E-4276-A84F-6010FAE3F1D6}"
EndProject
Global
	GlobalSection(SolutionConfigurationPlatforms) = preSolution
		Debug|Any CPU = Debug|Any CPU
		Release|Any CPU = Release|Any CPU
	EndGlobalSection
	GlobalSection(ProjectConfigurationPlatforms) = postSolution
		{071F0F22-B55E-4276-A84F-6010FAE3F1D6}.Debug|Any CPU.ActiveCfg = Debug|Any CPU
		{071F0F22-B55E-4276-A84F-6010FAE3F1D6}.Debug|Any CPU.Build.0 = Debug|Any CPU
		{071F0F22-B55E-4276-A84F-6010FAE3F1D6}.Release|Any CPU.ActiveCfg = Release|Any CPU
		{071F0F22-B55E-4276-A84F-6010FAE3F1D6}.Release|Any CPU.Build.0 = Release|Any CPU
	EndGlobalSection
	GlobalSection(SolutionProperties) = preSolution
		HideSolutionNode = FALSE
	EndGlobalSection
	GlobalSection(ExtensibilityGlobals) = postSolution
		SolutionGuid = {514924AA-9606-4F59-9ED9-DB6C395E1C70}
	EndGlobalSection
EndGlobal
